
Microsoft Visual Studio Solution File, Format Version 12.00
# Visual Studio 15
VisualStudioVersion = 15.0.27130.2027
MinimumVisualStudioVersion = 10.0.40219.1
Project("{9A19103F-16F7-4668-BE54-9A1E7A4F7556}") = "Telemetry.Domain", "Telemetry.Domain\Telemetry.Domain.csproj", "{84ABA67E-187C-4C7B-928E-627A5FE8675F}"
EndProject
Project("{9A19103F-16F7-4668-BE54-9A1E7A4F7556}") = "Telemetry.App", "Telemetry.App\Telemetry.App.csproj", "{67944F38-52EB-49C4-B26A-60867AF3527D}"
EndProject
Project("{FAE04EC0-301F-11D3-BF4B-00C04F79EFBC}") = "Telemetry.App.Test", "Telemetry.App.Test\Telemetry.App.Test.csproj", "{DBCDAE5F-CEA0-44CF-8BCB-8E0FAFABC7A5}"
EndProject
Global
	GlobalSection(SolutionConfigurationPlatforms) = preSolution
		Debug|Any CPU = Debug|Any CPU
		Release|Any CPU = Release|Any CPU
	EndGlobalSection
	GlobalSection(ProjectConfigurationPlatforms) = postSolution
		{84ABA67E-187C-4C7B-928E-627A5FE8675F}.Debug|Any CPU.ActiveCfg = Debug|Any CPU
		{84ABA67E-187C-4C7B-928E-627A5FE8675F}.Debug|Any CPU.Build.0 = Debug|Any CPU
		{84ABA67E-187C-4C7B-928E-627A5FE8675F}.Release|Any CPU.ActiveCfg = Release|Any CPU
		{84ABA67E-187C-4C7B-928E-627A5FE8675F}.Release|Any CPU.Build.0 = Release|Any CPU
		{67944F38-52EB-49C4-B26A-60867AF3527D}.Debug|Any CPU.ActiveCfg = Debug|Any CPU
		{67944F38-52EB-49C4-B26A-60867AF3527D}.Debug|Any CPU.Build.0 = Debug|Any CPU
		{67944F38-52EB-49C4-B26A-60867AF3527D}.Release|Any CPU.ActiveCfg = Release|Any CPU
		{67944F38-52EB-49C4-B26A-60867AF3527D}.Release|Any CPU.Build.0 = Release|Any CPU
		{DBCDAE5F-CEA0-44CF-8BCB-8E0FAFABC7A5}.Debug|Any CPU.ActiveCfg = Debug|Any CPU
		{DBCDAE5F-CEA0-44CF-8BCB-8E0FAFABC7A5}.Debug|Any CPU.Build.0 = Debug|Any CPU
		{DBCDAE5F-CEA0-44CF-8BCB-8E0FAFABC7A5}.Release|Any CPU.ActiveCfg = Release|Any CPU
		{DBCDAE5F-CEA0-44CF-8BCB-8E0FAFABC7A5}.Release|Any CPU.Build.0 = Release|Any CPU
	EndGlobalSection
	GlobalSection(SolutionProperties) = preSolution
		HideSolutionNode = FALSE
	EndGlobalSection
	GlobalSection(ExtensibilityGlobals) = postSolution
		SolutionGuid = {FD86A788-8EA4-4BD1-9AB2-6ACEDB6C5B98}
	EndGlobalSection
EndGlobal
